
Microsoft Visual Studio Solution File, Format Version 12.00
# Visual Studio 15
VisualStudioVersion = 15.0.27130.2027
MinimumVisualStudioVersion = 10.0.40219.1
Project("{FAE04EC0-301F-11D3-BF4B-00C04F79EFBC}") = "DocumentStorage", "DocumentStorage\DocumentStorage.csproj", "{DA135883-58E2-4AA3-95FB-BA67173334E2}"
EndProject
Project("{FAE04EC0-301F-11D3-BF4B-00C04F79EFBC}") = "DocumentStorage.Models", "DocumentStorage.Models\DocumentStorage.Models.csproj", "{D6DD0D16-D511-4A70-A2A0-09D726FFEE25}"
EndProject
Global
	GlobalSection(SolutionConfigurationPlatforms) = preSolution
		Debug|Any CPU = Debug|Any CPU
		Release|Any CPU = Release|Any CPU
	EndGlobalSection
	GlobalSection(ProjectConfigurationPlatforms) = postSolution
		{DA135883-58E2-4AA3-95FB-BA67173334E2}.Debug|Any CPU.ActiveCfg = Debug|Any CPU
		{DA135883-58E2-4AA3-95FB-BA67173334E2}.Debug|Any CPU.Build.0 = Debug|Any CPU
		{DA135883-58E2-4AA3-95FB-BA67173334E2}.Release|Any CPU.ActiveCfg = Release|Any CPU
		{DA135883-58E2-4AA3-95FB-BA67173334E2}.Release|Any CPU.Build.0 = Release|Any CPU
		{D6DD0D16-D511-4A70-A2A0-09D726FFEE25}.Debug|Any CPU.ActiveCfg = Debug|Any CPU
		{D6DD0D16-D511-4A70-A2A0-09D726FFEE25}.Debug|Any CPU.Build.0 = Debug|Any CPU
		{D6DD0D16-D511-4A70-A2A0-09D726FFEE25}.Release|Any CPU.ActiveCfg = Release|Any CPU
		{D6DD0D16-D511-4A70-A2A0-09D726FFEE25}.Release|Any CPU.Build.0 = Release|Any CPU
	EndGlobalSection
	GlobalSection(SolutionProperties) = preSolution
		HideSolutionNode = FALSE
	EndGlobalSection
	GlobalSection(ExtensibilityGlobals) = postSolution
		SolutionGuid = {C9F874B9-A62B-40DD-B570-8EEAC31D550D}
	EndGlobalSection
EndGlobal
